// !$*UTF8*$!
{
	archiveVersion = 1;
	classes = {
	};
	objectVersion = 50;
	objects = {

/* Begin PBXBuildFile section */
		A514652E2772188C0021BEEA /* main.c in Sources */ = {isa = PBXBuildFile; fileRef = A514652D2772188C0021BEEA /* main.c */; };
		A526CF6023A387FE00F7BB9D /* main.c in Sources */ = {isa = PBXBuildFile; fileRef = A526CF5F23A387FE00F7BB9D /* main.c */; };
		A526CF6D23A3883A00F7BB9D /* main.c in Sources */ = {isa = PBXBuildFile; fileRef = A526CF6C23A3883A00F7BB9D /* main.c */; };
		A526CF7823A3C54A00F7BB9D /* main.c in Sources */ = {isa = PBXBuildFile; fileRef = A526CF7723A3C54A00F7BB9D /* main.c */; };
		A526CF8323A3CFB700F7BB9D /* main.c in Sources */ = {isa = PBXBuildFile; fileRef = A526CF8223A3CFB700F7BB9D /* main.c */; };
		A526CF8E23A62A2200F7BB9D /* main.c in Sources */ = {isa = PBXBuildFile; fileRef = A526CF8D23A62A2200F7BB9D /* main.c */; };
		A526CFA423A7C8CD00F7BB9D /* main.c in Sources */ = {isa = PBXBuildFile; fileRef = A526CFA323A7C8CD00F7BB9D /* main.c */; };
		A526CFEE23AA77BC00F7BB9D /* main.c in Sources */ = {isa = PBXBuildFile; fileRef = A526CFED23AA77BC00F7BB9D /* main.c */; };
		A528FBD32594D94000552F51 /* main.c in Sources */ = {isa = PBXBuildFile; fileRef = A528FBD22594D94000552F51 /* main.c */; };
/* End PBXBuildFile section */

/* Begin PBXCopyFilesBuildPhase section */
		A51465292772188C0021BEEA /* CopyFiles */ = {
			isa = PBXCopyFilesBuildPhase;
			buildActionMask = 2147483647;
			dstPath = /usr/share/man/man1/;
			dstSubfolderSpec = 0;
			files = (
			);
			runOnlyForDeploymentPostprocessing = 1;
		};
		A526CF5A23A387FE00F7BB9D /* CopyFiles */ = {
			isa = PBXCopyFilesBuildPhase;
			buildActionMask = 2147483647;
			dstPath = /usr/share/man/man1/;
			dstSubfolderSpec = 0;
			files = (
			);
			runOnlyForDeploymentPostprocessing = 1;
		};
		A526CF6823A3883900F7BB9D /* CopyFiles */ = {
			isa = PBXCopyFilesBuildPhase;
			buildActionMask = 2147483647;
			dstPath = /usr/share/man/man1/;
			dstSubfolderSpec = 0;
			files = (
			);
			runOnlyForDeploymentPostprocessing = 1;
		};
		A526CF7323A3C54A00F7BB9D /* CopyFiles */ = {
			isa = PBXCopyFilesBuildPhase;
			buildActionMask = 2147483647;
			dstPath = /usr/share/man/man1/;
			dstSubfolderSpec = 0;
			files = (
			);
			runOnlyForDeploymentPostprocessing = 1;
		};
		A526CF7E23A3CFB700F7BB9D /* CopyFiles */ = {
			isa = PBXCopyFilesBuildPhase;
			buildActionMask = 2147483647;
			dstPath = /usr/share/man/man1/;
			dstSubfolderSpec = 0;
			files = (
			);
			runOnlyForDeploymentPostprocessing = 1;
		};
		A526CF8923A62A2200F7BB9D /* CopyFiles */ = {
			isa = PBXCopyFilesBuildPhase;
			buildActionMask = 2147483647;
			dstPath = /usr/share/man/man1/;
			dstSubfolderSpec = 0;
			files = (
			);
			runOnlyForDeploymentPostprocessing = 1;
		};
		A526CF9F23A7C8CD00F7BB9D /* CopyFiles */ = {
			isa = PBXCopyFilesBuildPhase;
			buildActionMask = 2147483647;
			dstPath = /usr/share/man/man1/;
			dstSubfolderSpec = 0;
			files = (
			);
			runOnlyForDeploymentPostprocessing = 1;
		};
		A526CFE923AA77BC00F7BB9D /* CopyFiles */ = {
			isa = PBXCopyFilesBuildPhase;
			buildActionMask = 2147483647;
			dstPath = /usr/share/man/man1/;
			dstSubfolderSpec = 0;
			files = (
			);
			runOnlyForDeploymentPostprocessing = 1;
		};
		A528FBCE2594D94000552F51 /* CopyFiles */ = {
			isa = PBXCopyFilesBuildPhase;
			buildActionMask = 2147483647;
			dstPath = /usr/share/man/man1/;
			dstSubfolderSpec = 0;
			files = (
			);
			runOnlyForDeploymentPostprocessing = 1;
		};
/* End PBXCopyFilesBuildPhase section */

/* Begin PBXFileReference section */
		A514652B2772188C0021BEEA /* Demo-打开当前路径文件 */ = {isa = PBXFileReference; explicitFileType = "compiled.mach-o.executable"; includeInIndex = 0; path = "Demo-打开当前路径文件"; sourceTree = BUILT_PRODUCTS_DIR; };
		A514652D2772188C0021BEEA /* main.c */ = {isa = PBXFileReference; lastKnownFileType = sourcecode.c.c; path = main.c; sourceTree = "<group>"; };
		A526CF5C23A387FE00F7BB9D /* [第十章]文件 */ = {isa = PBXFileReference; explicitFileType = "compiled.mach-o.executable"; includeInIndex = 0; path = "[第十章]文件"; sourceTree = BUILT_PRODUCTS_DIR; };
		A526CF5F23A387FE00F7BB9D /* main.c */ = {isa = PBXFileReference; lastKnownFileType = sourcecode.c.c; path = main.c; sourceTree = "<group>"; };
		A526CF6A23A3883900F7BB9D /* printf 和 scanf的细节 */ = {isa = PBXFileReference; explicitFileType = "compiled.mach-o.executable"; includeInIndex = 0; path = "printf 和 scanf的细节"; sourceTree = BUILT_PRODUCTS_DIR; };
		A526CF6C23A3883A00F7BB9D /* main.c */ = {isa = PBXFileReference; lastKnownFileType = sourcecode.c.c; path = main.c; sourceTree = "<group>"; };
		A526CF7523A3C54A00F7BB9D /* 把键盘输入的内容存到磁盘 */ = {isa = PBXFileReference; explicitFileType = "compiled.mach-o.executable"; includeInIndex = 0; path = "把键盘输入的内容存到磁盘"; sourceTree = BUILT_PRODUCTS_DIR; };
		A526CF7723A3C54A00F7BB9D /* main.c */ = {isa = PBXFileReference; lastKnownFileType = sourcecode.c.c; path = main.c; sourceTree = "<group>"; };
		A526CF8023A3CFB700F7BB9D /* 将filename文件中的内容在屏幕上显示出来 */ = {isa = PBXFileReference; explicitFileType = "compiled.mach-o.executable"; includeInIndex = 0; path = "将filename文件中的内容在屏幕上显示出来"; sourceTree = BUILT_PRODUCTS_DIR; };
		A526CF8223A3CFB700F7BB9D /* main.c */ = {isa = PBXFileReference; lastKnownFileType = sourcecode.c.c; path = main.c; sourceTree = "<group>"; };
		A526CF8B23A62A2200F7BB9D /* 练习-01 */ = {isa = PBXFileReference; explicitFileType = "compiled.mach-o.executable"; includeInIndex = 0; path = "练习-01"; sourceTree = BUILT_PRODUCTS_DIR; };
		A526CF8D23A62A2200F7BB9D /* main.c */ = {isa = PBXFileReference; lastKnownFileType = sourcecode.c.c; path = main.c; sourceTree = "<group>"; };
		A526CFA123A7C8CD00F7BB9D /* 练习-02 文件重定向 */ = {isa = PBXFileReference; explicitFileType = "compiled.mach-o.executable"; includeInIndex = 0; path = "练习-02 文件重定向"; sourceTree = BUILT_PRODUCTS_DIR; };
		A526CFA323A7C8CD00F7BB9D /* main.c */ = {isa = PBXFileReference; lastKnownFileType = sourcecode.c.c; path = main.c; sourceTree = "<group>"; };
		A526CFEB23AA77BC00F7BB9D /* 格式化读写 */ = {isa = PBXFileReference; explicitFileType = "compiled.mach-o.executable"; includeInIndex = 0; path = "格式化读写"; sourceTree = BUILT_PRODUCTS_DIR; };
		A526CFED23AA77BC00F7BB9D /* main.c */ = {isa = PBXFileReference; lastKnownFileType = sourcecode.c.c; path = main.c; sourceTree = "<group>"; };
		A528FBD02594D94000552F51 /* 打开文件的标准代码 */ = {isa = PBXFileReference; explicitFileType = "compiled.mach-o.executable"; includeInIndex = 0; path = "打开文件的标准代码"; sourceTree = BUILT_PRODUCTS_DIR; };
		A528FBD22594D94000552F51 /* main.c */ = {isa = PBXFileReference; lastKnownFileType = sourcecode.c.c; path = main.c; sourceTree = "<group>"; };
/* End PBXFileReference section */

/* Begin PBXFrameworksBuildPhase section */
		A51465282772188C0021BEEA /* Frameworks */ = {
			isa = PBXFrameworksBuildPhase;
			buildActionMask = 2147483647;
			files = (
			);
			runOnlyForDeploymentPostprocessing = 0;
		};
		A526CF5923A387FE00F7BB9D /* Frameworks */ = {
			isa = PBXFrameworksBuildPhase;
			buildActionMask = 2147483647;
			files = (
			);
			runOnlyForDeploymentPostprocessing = 0;
		};
		A526CF6723A3883900F7BB9D /* Frameworks */ = {
			isa = PBXFrameworksBuildPhase;
			buildActionMask = 2147483647;
			files = (
			);
			runOnlyForDeploymentPostprocessing = 0;
		};
		A526CF7223A3C54A00F7BB9D /* Frameworks */ = {
			isa = PBXFrameworksBuildPhase;
			buildActionMask = 2147483647;
			files = (
			);
			runOnlyForDeploymentPostprocessing = 0;
		};
		A526CF7D23A3CFB700F7BB9D /* Frameworks */ = {
			isa = PBXFrameworksBuildPhase;
			buildActionMask = 2147483647;
			files = (
			);
			runOnlyForDeploymentPostprocessing = 0;
		};
		A526CF8823A62A2200F7BB9D /* Frameworks */ = {
			isa = PBXFrameworksBuildPhase;
			buildActionMask = 2147483647;
			files = (
			);
			runOnlyForDeploymentPostprocessing = 0;
		};
		A526CF9E23A7C8CD00F7BB9D /* Frameworks */ = {
			isa = PBXFrameworksBuildPhase;
			buildActionMask = 2147483647;
			files = (
			);
			runOnlyForDeploymentPostprocessing = 0;
		};
		A526CFE823AA77BC00F7BB9D /* Frameworks */ = {
			isa = PBXFrameworksBuildPhase;
			buildActionMask = 2147483647;
			files = (
			);
			runOnlyForDeploymentPostprocessing = 0;
		};
		A528FBCD2594D94000552F51 /* Frameworks */ = {
			isa = PBXFrameworksBuildPhase;
			buildActionMask = 2147483647;
			files = (
			);
			runOnlyForDeploymentPostprocessing = 0;
		};
/* End PBXFrameworksBuildPhase section */

/* Begin PBXGroup section */
		A514652C2772188C0021BEEA /* Demo-打开当前路径文件 */ = {
			isa = PBXGroup;
			children = (
				A514652D2772188C0021BEEA /* main.c */,
			);
			path = "Demo-打开当前路径文件";
			sourceTree = "<group>";
		};
		A526CF5323A387FE00F7BB9D = {
			isa = PBXGroup;
			children = (
				A526CF5E23A387FE00F7BB9D /* [第十章]文件 */,
				A526CF6B23A3883A00F7BB9D /* printf 和 scanf的细节 */,
				A528FBD12594D94000552F51 /* 打开文件的标准代码 */,
				A526CF7623A3C54A00F7BB9D /* 把键盘输入的内容存到磁盘 */,
				A526CF8123A3CFB700F7BB9D /* 将filename文件中的内容在屏幕上显示出来 */,
				A526CF8C23A62A2200F7BB9D /* 练习-01 */,
				A526CFA223A7C8CD00F7BB9D /* 练习-02 文件重定向 */,
				A526CFEC23AA77BC00F7BB9D /* 格式化读写 */,
				A514652C2772188C0021BEEA /* Demo-打开当前路径文件 */,
				A526CF5D23A387FE00F7BB9D /* Products */,
			);
			sourceTree = "<group>";
		};
		A526CF5D23A387FE00F7BB9D /* Products */ = {
			isa = PBXGroup;
			children = (
				A526CF5C23A387FE00F7BB9D /* [第十章]文件 */,
				A526CF6A23A3883900F7BB9D /* printf 和 scanf的细节 */,
				A526CF7523A3C54A00F7BB9D /* 把键盘输入的内容存到磁盘 */,
				A526CF8023A3CFB700F7BB9D /* 将filename文件中的内容在屏幕上显示出来 */,
				A526CF8B23A62A2200F7BB9D /* 练习-01 */,
				A526CFA123A7C8CD00F7BB9D /* 练习-02 文件重定向 */,
				A526CFEB23AA77BC00F7BB9D /* 格式化读写 */,
				A528FBD02594D94000552F51 /* 打开文件的标准代码 */,
				A514652B2772188C0021BEEA /* Demo-打开当前路径文件 */,
			);
			name = Products;
			sourceTree = "<group>";
		};
		A526CF5E23A387FE00F7BB9D /* [第十章]文件 */ = {
			isa = PBXGroup;
			children = (
				A526CF5F23A387FE00F7BB9D /* main.c */,
			);
			path = "[第十章]文件";
			sourceTree = "<group>";
		};
		A526CF6B23A3883A00F7BB9D /* printf 和 scanf的细节 */ = {
			isa = PBXGroup;
			children = (
				A526CF6C23A3883A00F7BB9D /* main.c */,
			);
			path = "printf 和 scanf的细节";
			sourceTree = "<group>";
		};
		A526CF7623A3C54A00F7BB9D /* 把键盘输入的内容存到磁盘 */ = {
			isa = PBXGroup;
			children = (
				A526CF7723A3C54A00F7BB9D /* main.c */,
			);
			path = "把键盘输入的内容存到磁盘";
			sourceTree = "<group>";
		};
		A526CF8123A3CFB700F7BB9D /* 将filename文件中的内容在屏幕上显示出来 */ = {
			isa = PBXGroup;
			children = (
				A526CF8223A3CFB700F7BB9D /* main.c */,
			);
			path = "将filename文件中的内容在屏幕上显示出来";
			sourceTree = "<group>";
		};
		A526CF8C23A62A2200F7BB9D /* 练习-01 */ = {
			isa = PBXGroup;
			children = (
				A526CF8D23A62A2200F7BB9D /* main.c */,
			);
			path = "练习-01";
			sourceTree = "<group>";
		};
		A526CFA223A7C8CD00F7BB9D /* 练习-02 文件重定向 */ = {
			isa = PBXGroup;
			children = (
				A526CFA323A7C8CD00F7BB9D /* main.c */,
			);
			path = "练习-02 文件重定向";
			sourceTree = "<group>";
		};
		A526CFEC23AA77BC00F7BB9D /* 格式化读写 */ = {
			isa = PBXGroup;
			children = (
				A526CFED23AA77BC00F7BB9D /* main.c */,
			);
			path = "格式化读写";
			sourceTree = "<group>";
		};
		A528FBD12594D94000552F51 /* 打开文件的标准代码 */ = {
			isa = PBXGroup;
			children = (
				A528FBD22594D94000552F51 /* main.c */,
			);
			path = "打开文件的标准代码";
			sourceTree = "<group>";
		};
/* End PBXGroup section */

/* Begin PBXNativeTarget section */
		A514652A2772188C0021BEEA /* Demo-打开当前路径文件 */ = {
			isa = PBXNativeTarget;
			buildConfigurationList = A51465312772188C0021BEEA /* Build configuration list for PBXNativeTarget "Demo-打开当前路径文件" */;
			buildPhases = (
				A51465272772188C0021BEEA /* Sources */,
				A51465282772188C0021BEEA /* Frameworks */,
				A51465292772188C0021BEEA /* CopyFiles */,
			);
			buildRules = (
			);
			dependencies = (
			);
			name = "Demo-打开当前路径文件";
			productName = "Demo-打开当前路径文件";
			productReference = A514652B2772188C0021BEEA /* Demo-打开当前路径文件 */;
			productType = "com.apple.product-type.tool";
		};
		A526CF5B23A387FE00F7BB9D /* [第十章]文件 */ = {
			isa = PBXNativeTarget;
			buildConfigurationList = A526CF6323A387FE00F7BB9D /* Build configuration list for PBXNativeTarget "[第十章]文件" */;
			buildPhases = (
				A526CF5823A387FE00F7BB9D /* Sources */,
				A526CF5923A387FE00F7BB9D /* Frameworks */,
				A526CF5A23A387FE00F7BB9D /* CopyFiles */,
			);
			buildRules = (
			);
			dependencies = (
			);
			name = "[第十章]文件";
			productName = "[第十章]文件";
			productReference = A526CF5C23A387FE00F7BB9D /* [第十章]文件 */;
			productType = "com.apple.product-type.tool";
		};
		A526CF6923A3883900F7BB9D /* printf 和 scanf的细节 */ = {
			isa = PBXNativeTarget;
			buildConfigurationList = A526CF6E23A3883A00F7BB9D /* Build configuration list for PBXNativeTarget "printf 和 scanf的细节" */;
			buildPhases = (
				A526CF6623A3883900F7BB9D /* Sources */,
				A526CF6723A3883900F7BB9D /* Frameworks */,
				A526CF6823A3883900F7BB9D /* CopyFiles */,
			);
			buildRules = (
			);
			dependencies = (
			);
			name = "printf 和 scanf的细节";
			productName = "printf 和 scanf的细节";
			productReference = A526CF6A23A3883900F7BB9D /* printf 和 scanf的细节 */;
			productType = "com.apple.product-type.tool";
		};
		A526CF7423A3C54A00F7BB9D /* 把键盘输入的内容存到磁盘 */ = {
			isa = PBXNativeTarget;
			buildConfigurationList = A526CF7923A3C54A00F7BB9D /* Build configuration list for PBXNativeTarget "把键盘输入的内容存到磁盘" */;
			buildPhases = (
				A526CF7123A3C54A00F7BB9D /* Sources */,
				A526CF7223A3C54A00F7BB9D /* Frameworks */,
				A526CF7323A3C54A00F7BB9D /* CopyFiles */,
			);
			buildRules = (
			);
			dependencies = (
			);
			name = "把键盘输入的内容存到磁盘";
			productName = "把键盘输入的内容存到磁盘";
			productReference = A526CF7523A3C54A00F7BB9D /* 把键盘输入的内容存到磁盘 */;
			productType = "com.apple.product-type.tool";
		};
		A526CF7F23A3CFB700F7BB9D /* 将filename文件中的内容在屏幕上显示出来 */ = {
			isa = PBXNativeTarget;
			buildConfigurationList = A526CF8423A3CFB700F7BB9D /* Build configuration list for PBXNativeTarget "将filename文件中的内容在屏幕上显示出来" */;
			buildPhases = (
				A526CF7C23A3CFB700F7BB9D /* Sources */,
				A526CF7D23A3CFB700F7BB9D /* Frameworks */,
				A526CF7E23A3CFB700F7BB9D /* CopyFiles */,
			);
			buildRules = (
			);
			dependencies = (
			);
			name = "将filename文件中的内容在屏幕上显示出来";
			productName = "将filename文件中的内容在屏幕上显示出来";
			productReference = A526CF8023A3CFB700F7BB9D /* 将filename文件中的内容在屏幕上显示出来 */;
			productType = "com.apple.product-type.tool";
		};
		A526CF8A23A62A2200F7BB9D /* 练习-01 */ = {
			isa = PBXNativeTarget;
			buildConfigurationList = A526CF8F23A62A2200F7BB9D /* Build configuration list for PBXNativeTarget "练习-01" */;
			buildPhases = (
				A526CF8723A62A2200F7BB9D /* Sources */,
				A526CF8823A62A2200F7BB9D /* Frameworks */,
				A526CF8923A62A2200F7BB9D /* CopyFiles */,
			);
			buildRules = (
			);
			dependencies = (
			);
			name = "练习-01";
			productName = "练习-01";
			productReference = A526CF8B23A62A2200F7BB9D /* 练习-01 */;
			productType = "com.apple.product-type.tool";
		};
		A526CFA023A7C8CD00F7BB9D /* 练习-02 文件重定向 */ = {
			isa = PBXNativeTarget;
			buildConfigurationList = A526CFA523A7C8CD00F7BB9D /* Build configuration list for PBXNativeTarget "练习-02 文件重定向" */;
			buildPhases = (
				A526CF9D23A7C8CD00F7BB9D /* Sources */,
				A526CF9E23A7C8CD00F7BB9D /* Frameworks */,
				A526CF9F23A7C8CD00F7BB9D /* CopyFiles */,
			);
			buildRules = (
			);
			dependencies = (
			);
			name = "练习-02 文件重定向";
			productName = "练习-02 文件重定向";
			productReference = A526CFA123A7C8CD00F7BB9D /* 练习-02 文件重定向 */;
			productType = "com.apple.product-type.tool";
		};
		A526CFEA23AA77BC00F7BB9D /* 格式化读写 */ = {
			isa = PBXNativeTarget;
			buildConfigurationList = A526CFF123AA77BC00F7BB9D /* Build configuration list for PBXNativeTarget "格式化读写" */;
			buildPhases = (
				A526CFE723AA77BC00F7BB9D /* Sources */,
				A526CFE823AA77BC00F7BB9D /* Frameworks */,
				A526CFE923AA77BC00F7BB9D /* CopyFiles */,
			);
			buildRules = (
			);
			dependencies = (
			);
			name = "格式化读写";
			productName = "格式化读写";
			productReference = A526CFEB23AA77BC00F7BB9D /* 格式化读写 */;
			productType = "com.apple.product-type.tool";
		};
		A528FBCF2594D94000552F51 /* 打开文件的标准代码 */ = {
			isa = PBXNativeTarget;
			buildConfigurationList = A528FBD62594D94000552F51 /* Build configuration list for PBXNativeTarget "打开文件的标准代码" */;
			buildPhases = (
				A528FBCC2594D94000552F51 /* Sources */,
				A528FBCD2594D94000552F51 /* Frameworks */,
				A528FBCE2594D94000552F51 /* CopyFiles */,
			);
			buildRules = (
			);
			dependencies = (
			);
			name = "打开文件的标准代码";
			productName = "打开文件的标准代码";
			productReference = A528FBD02594D94000552F51 /* 打开文件的标准代码 */;
			productType = "com.apple.product-type.tool";
		};
/* End PBXNativeTarget section */

/* Begin PBXProject section */
		A526CF5423A387FE00F7BB9D /* Project object */ = {
			isa = PBXProject;
			attributes = {
				LastUpgradeCheck = 1220;
				ORGANIZATIONNAME = LongHu;
				TargetAttributes = {
					A514652A2772188C0021BEEA = {
						CreatedOnToolsVersion = 12.2;
					};
					A526CF5B23A387FE00F7BB9D = {
						CreatedOnToolsVersion = 10.1;
					};
					A526CF6923A3883900F7BB9D = {
						CreatedOnToolsVersion = 10.1;
					};
					A526CF7423A3C54A00F7BB9D = {
						CreatedOnToolsVersion = 10.1;
					};
					A526CF7F23A3CFB700F7BB9D = {
						CreatedOnToolsVersion = 10.1;
					};
					A526CF8A23A62A2200F7BB9D = {
						CreatedOnToolsVersion = 10.1;
					};
					A526CFA023A7C8CD00F7BB9D = {
						CreatedOnToolsVersion = 10.1;
					};
					A526CFEA23AA77BC00F7BB9D = {
						CreatedOnToolsVersion = 10.1;
					};
					A528FBCF2594D94000552F51 = {
						CreatedOnToolsVersion = 12.2;
					};
				};
			};
			buildConfigurationList = A526CF5723A387FE00F7BB9D /* Build configuration list for PBXProject "[第十章]文件" */;
			compatibilityVersion = "Xcode 9.3";
			developmentRegion = en;
			hasScannedForEncodings = 0;
			knownRegions = (
				en,
			);
			mainGroup = A526CF5323A387FE00F7BB9D;
			productRefGroup = A526CF5D23A387FE00F7BB9D /* Products */;
			projectDirPath = "";
			projectRoot = "";
			targets = (
				A526CF5B23A387FE00F7BB9D /* [第十章]文件 */,
				A526CF6923A3883900F7BB9D /* printf 和 scanf的细节 */,
				A526CF7423A3C54A00F7BB9D /* 把键盘输入的内容存到磁盘 */,
				A526CF7F23A3CFB700F7BB9D /* 将filename文件中的内容在屏幕上显示出来 */,
				A526CF8A23A62A2200F7BB9D /* 练习-01 */,
				A526CFA023A7C8CD00F7BB9D /* 练习-02 文件重定向 */,
				A526CFEA23AA77BC00F7BB9D /* 格式化读写 */,
				A528FBCF2594D94000552F51 /* 打开文件的标准代码 */,
				A514652A2772188C0021BEEA /* Demo-打开当前路径文件 */,
			);
		};
/* End PBXProject section */

/* Begin PBXSourcesBuildPhase section */
		A51465272772188C0021BEEA /* Sources */ = {
			isa = PBXSourcesBuildPhase;
			buildActionMask = 2147483647;
			files = (
				A514652E2772188C0021BEEA /* main.c in Sources */,
			);
			runOnlyForDeploymentPostprocessing = 0;
		};
		A526CF5823A387FE00F7BB9D /* Sources */ = {
			isa = PBXSourcesBuildPhase;
			buildActionMask = 2147483647;
			files = (
				A526CF6023A387FE00F7BB9D /* main.c in Sources */,
			);
			runOnlyForDeploymentPostprocessing = 0;
		};
		A526CF6623A3883900F7BB9D /* Sources */ = {
			isa = PBXSourcesBuildPhase;
			buildActionMask = 2147483647;
			files = (
				A526CF6D23A3883A00F7BB9D /* main.c in Sources */,
			);
			runOnlyForDeploymentPostprocessing = 0;
		};
		A526CF7123A3C54A00F7BB9D /* Sources */ = {
			isa = PBXSourcesBuildPhase;
			buildActionMask = 2147483647;
			files = (
				A526CF7823A3C54A00F7BB9D /* main.c in Sources */,
			);
			runOnlyForDeploymentPostprocessing = 0;
		};
		A526CF7C23A3CFB700F7BB9D /* Sources */ = {
			isa = PBXSourcesBuildPhase;
			buildActionMask = 2147483647;
			files = (
				A526CF8323A3CFB700F7BB9D /* main.c in Sources */,
			);
			runOnlyForDeploymentPostprocessing = 0;
		};
		A526CF8723A62A2200F7BB9D /* Sources */ = {
			isa = PBXSourcesBuildPhase;
			buildActionMask = 2147483647;
			files = (
				A526CF8E23A62A2200F7BB9D /* main.c in Sources */,
			);
			runOnlyForDeploymentPostprocessing = 0;
		};
		A526CF9D23A7C8CD00F7BB9D /* Sources */ = {
			isa = PBXSourcesBuildPhase;
			buildActionMask = 2147483647;
			files = (
				A526CFA423A7C8CD00F7BB9D /* main.c in Sources */,
			);
			runOnlyForDeploymentPostprocessing = 0;
		};
		A526CFE723AA77BC00F7BB9D /* Sources */ = {
			isa = PBXSourcesBuildPhase;
			buildActionMask = 2147483647;
			files = (
				A526CFEE23AA77BC00F7BB9D /* main.c in Sources */,
			);
			runOnlyForDeploymentPostprocessing = 0;
		};
		A528FBCC2594D94000552F51 /* Sources */ = {
			isa = PBXSourcesBuildPhase;
			buildActionMask = 2147483647;
			files = (
				A528FBD32594D94000552F51 /* main.c in Sources */,
			);
			runOnlyForDeploymentPostprocessing = 0;
		};
/* End PBXSourcesBuildPhase section */

/* Begin XCBuildConfiguration section */
		A514652F2772188C0021BEEA /* Debug */ = {
			isa = XCBuildConfiguration;
			buildSettings = {
				CLANG_WARN_QUOTED_INCLUDE_IN_FRAMEWORK_HEADER = YES;
				CODE_SIGN_IDENTITY = "-";
				CODE_SIGN_STYLE = Automatic;
				MACOSX_DEPLOYMENT_TARGET = 11.0;
				PRODUCT_NAME = "$(TARGET_NAME)";
			};
			name = Debug;
		};
		A51465302772188C0021BEEA /* Release */ = {
			isa = XCBuildConfiguration;
			buildSettings = {
				CLANG_WARN_QUOTED_INCLUDE_IN_FRAMEWORK_HEADER = YES;
				CODE_SIGN_IDENTITY = "-";
				CODE_SIGN_STYLE = Automatic;
				MACOSX_DEPLOYMENT_TARGET = 11.0;
				PRODUCT_NAME = "$(TARGET_NAME)";
			};
			name = Release;
		};
		A526CF6123A387FE00F7BB9D /* Debug */ = {
			isa = XCBuildConfiguration;
			buildSettings = {
				ALWAYS_SEARCH_USER_PATHS = NO;
				CLANG_ANALYZER_NONNULL = YES;
				CLANG_ANALYZER_NUMBER_OBJECT_CONVERSION = YES_AGGRESSIVE;
				CLANG_CXX_LANGUAGE_STANDARD = "gnu++14";
				CLANG_CXX_LIBRARY = "libc++";
				CLANG_ENABLE_MODULES = YES;
				CLANG_ENABLE_OBJC_ARC = YES;
				CLANG_ENABLE_OBJC_WEAK = YES;
				CLANG_WARN_BLOCK_CAPTURE_AUTORELEASING = YES;
				CLANG_WARN_BOOL_CONVERSION = YES;
				CLANG_WARN_COMMA = YES;
				CLANG_WARN_CONSTANT_CONVERSION = YES;
				CLANG_WARN_DEPRECATED_OBJC_IMPLEMENTATIONS = YES;
				CLANG_WARN_DIRECT_OBJC_ISA_USAGE = YES_ERROR;
				CLANG_WARN_DOCUMENTATION_COMMENTS = YES;
				CLANG_WARN_EMPTY_BODY = YES;
				CLANG_WARN_ENUM_CONVERSION = YES;
				CLANG_WARN_INFINITE_RECURSION = YES;
				CLANG_WARN_INT_CONVERSION = YES;
				CLANG_WARN_NON_LITERAL_NULL_CONVERSION = YES;
				CLANG_WARN_OBJC_IMPLICIT_RETAIN_SELF = YES;
				CLANG_WARN_OBJC_LITERAL_CONVERSION = YES;
				CLANG_WARN_OBJC_ROOT_CLASS = YES_ERROR;
				CLANG_WARN_QUOTED_INCLUDE_IN_FRAMEWORK_HEADER = YES;
				CLANG_WARN_RANGE_LOOP_ANALYSIS = YES;
				CLANG_WARN_STRICT_PROTOTYPES = YES;
				CLANG_WARN_SUSPICIOUS_MOVE = YES;
				CLANG_WARN_UNGUARDED_AVAILABILITY = YES_AGGRESSIVE;
				CLANG_WARN_UNREACHABLE_CODE = YES;
				CLANG_WARN__DUPLICATE_METHOD_MATCH = YES;
				CODE_SIGN_IDENTITY = "-";
				COPY_PHASE_STRIP = NO;
				DEBUG_INFORMATION_FORMAT = dwarf;
				ENABLE_STRICT_OBJC_MSGSEND = YES;
				ENABLE_TESTABILITY = YES;
				GCC_C_LANGUAGE_STANDARD = gnu11;
				GCC_DYNAMIC_NO_PIC = NO;
				GCC_NO_COMMON_BLOCKS = YES;
				GCC_OPTIMIZATION_LEVEL = 0;
				GCC_PREPROCESSOR_DEFINITIONS = (
					"DEBUG=1",
					"$(inherited)",
				);
				GCC_WARN_64_TO_32_BIT_CONVERSION = YES;
				GCC_WARN_ABOUT_RETURN_TYPE = YES_ERROR;
				GCC_WARN_UNDECLARED_SELECTOR = YES;
				GCC_WARN_UNINITIALIZED_AUTOS = YES_AGGRESSIVE;
				GCC_WARN_UNUSED_FUNCTION = YES;
				GCC_WARN_UNUSED_VARIABLE = YES;
				MACOSX_DEPLOYMENT_TARGET = 10.14;
				MTL_ENABLE_DEBUG_INFO = INCLUDE_SOURCE;
				MTL_FAST_MATH = YES;
				ONLY_ACTIVE_ARCH = YES;
				SDKROOT = macosx;
			};
			name = Debug;
		};
		A526CF6223A387FE00F7BB9D /* Release */ = {
			isa = XCBuildConfiguration;
			buildSettings = {
				ALWAYS_SEARCH_USER_PATHS = NO;
				CLANG_ANALYZER_NONNULL = YES;
				CLANG_ANALYZER_NUMBER_OBJECT_CONVERSION = YES_AGGRESSIVE;
				CLANG_CXX_LANGUAGE_STANDARD = "gnu++14";
				CLANG_CXX_LIBRARY = "libc++";
				CLANG_ENABLE_MODULES = YES;
				CLANG_ENABLE_OBJC_ARC = YES;
				CLANG_ENABLE_OBJC_WEAK = YES;
				CLANG_WARN_BLOCK_CAPTURE_AUTORELEASING = YES;
				CLANG_WARN_BOOL_CONVERSION = YES;
				CLANG_WARN_COMMA = YES;
				CLANG_WARN_CONSTANT_CONVERSION = YES;
				CLANG_WARN_DEPRECATED_OBJC_IMPLEMENTATIONS = YES;
				CLANG_WARN_DIRECT_OBJC_ISA_USAGE = YES_ERROR;
				CLANG_WARN_DOCUMENTATION_COMMENTS = YES;
				CLANG_WARN_EMPTY_BODY = YES;
				CLANG_WARN_ENUM_CONVERSION = YES;
				CLANG_WARN_INFINITE_RECURSION = YES;
				CLANG_WARN_INT_CONVERSION = YES;
				CLANG_WARN_NON_LITERAL_NULL_CONVERSION = YES;
				CLANG_WARN_OBJC_IMPLICIT_RETAIN_SELF = YES;
				CLANG_WARN_OBJC_LITERAL_CONVERSION = YES;
				CLANG_WARN_OBJC_ROOT_CLASS = YES_ERROR;
				CLANG_WARN_QUOTED_INCLUDE_IN_FRAMEWORK_HEADER = YES;
				CLANG_WARN_RANGE_LOOP_ANALYSIS = YES;
				CLANG_WARN_STRICT_PROTOTYPES = YES;
				CLANG_WARN_SUSPICIOUS_MOVE = YES;
				CLANG_WARN_UNGUARDED_AVAILABILITY = YES_AGGRESSIVE;
				CLANG_WARN_UNREACHABLE_CODE = YES;
				CLANG_WARN__DUPLICATE_METHOD_MATCH = YES;
				CODE_SIGN_IDENTITY = "-";
				COPY_PHASE_STRIP = NO;
				DEBUG_INFORMATION_FORMAT = "dwarf-with-dsym";
				ENABLE_NS_ASSERTIONS = NO;
				ENABLE_STRICT_OBJC_MSGSEND = YES;
				GCC_C_LANGUAGE_STANDARD = gnu11;
				GCC_NO_COMMON_BLOCKS = YES;
				GCC_WARN_64_TO_32_BIT_CONVERSION = YES;
				GCC_WARN_ABOUT_RETURN_TYPE = YES_ERROR;
				GCC_WARN_UNDECLARED_SELECTOR = YES;
				GCC_WARN_UNINITIALIZED_AUTOS = YES_AGGRESSIVE;
				GCC_WARN_UNUSED_FUNCTION = YES;
				GCC_WARN_UNUSED_VARIABLE = YES;
				MACOSX_DEPLOYMENT_TARGET = 10.14;
				MTL_ENABLE_DEBUG_INFO = NO;
				MTL_FAST_MATH = YES;
				SDKROOT = macosx;
			};
			name = Release;
		};
		A526CF6423A387FE00F7BB9D /* Debug */ = {
			isa = XCBuildConfiguration;
			buildSettings = {
				CODE_SIGN_IDENTITY = "-";
				CODE_SIGN_STYLE = Automatic;
				PRODUCT_NAME = "$(TARGET_NAME)";
			};
			name = Debug;
		};
		A526CF6523A387FE00F7BB9D /* Release */ = {
			isa = XCBuildConfiguration;
			buildSettings = {
				CODE_SIGN_IDENTITY = "-";
				CODE_SIGN_STYLE = Automatic;
				PRODUCT_NAME = "$(TARGET_NAME)";
			};
			name = Release;
		};
		A526CF6F23A3883A00F7BB9D /* Debug */ = {
			isa = XCBuildConfiguration;
			buildSettings = {
				CODE_SIGN_IDENTITY = "-";
				CODE_SIGN_STYLE = Automatic;
				PRODUCT_NAME = "$(TARGET_NAME)";
			};
			name = Debug;
		};
		A526CF7023A3883A00F7BB9D /* Release */ = {
			isa = XCBuildConfiguration;
			buildSettings = {
				CODE_SIGN_IDENTITY = "-";
				CODE_SIGN_STYLE = Automatic;
				PRODUCT_NAME = "$(TARGET_NAME)";
			};
			name = Release;
		};
		A526CF7A23A3C54A00F7BB9D /* Debug */ = {
			isa = XCBuildConfiguration;
			buildSettings = {
				CODE_SIGN_IDENTITY = "-";
				CODE_SIGN_STYLE = Automatic;
				PRODUCT_NAME = "$(TARGET_NAME)";
			};
			name = Debug;
		};
		A526CF7B23A3C54A00F7BB9D /* Release */ = {
			isa = XCBuildConfiguration;
			buildSettings = {
				CODE_SIGN_IDENTITY = "-";
				CODE_SIGN_STYLE = Automatic;
				PRODUCT_NAME = "$(TARGET_NAME)";
			};
			name = Release;
		};
		A526CF8523A3CFB700F7BB9D /* Debug */ = {
			isa = XCBuildConfiguration;
			buildSettings = {
				CODE_SIGN_IDENTITY = "-";
				CODE_SIGN_STYLE = Automatic;
				PRODUCT_NAME = "$(TARGET_NAME)";
			};
			name = Debug;
		};
		A526CF8623A3CFB700F7BB9D /* Release */ = {
			isa = XCBuildConfiguration;
			buildSettings = {
				CODE_SIGN_IDENTITY = "-";
				CODE_SIGN_STYLE = Automatic;
				PRODUCT_NAME = "$(TARGET_NAME)";
			};
			name = Release;
		};
		A526CF9023A62A2200F7BB9D /* Debug */ = {
			isa = XCBuildConfiguration;
			buildSettings = {
				CODE_SIGN_IDENTITY = "-";
				CODE_SIGN_STYLE = Automatic;
				PRODUCT_NAME = "$(TARGET_NAME)";
			};
			name = Debug;
		};
		A526CF9123A62A2200F7BB9D /* Release */ = {
			isa = XCBuildConfiguration;
			buildSettings = {
				CODE_SIGN_IDENTITY = "-";
				CODE_SIGN_STYLE = Automatic;
				PRODUCT_NAME = "$(TARGET_NAME)";
			};
			name = Release;
		};
		A526CFA623A7C8CD00F7BB9D /* Debug */ = {
			isa = XCBuildConfiguration;
			buildSettings = {
				CODE_SIGN_IDENTITY = "-";
				CODE_SIGN_STYLE = Automatic;
				PRODUCT_NAME = "$(TARGET_NAME)";
			};
			name = Debug;
		};
		A526CFA723A7C8CD00F7BB9D /* Release */ = {
			isa = XCBuildConfiguration;
			buildSettings = {
				CODE_SIGN_IDENTITY = "-";
				CODE_SIGN_STYLE = Automatic;
				PRODUCT_NAME = "$(TARGET_NAME)";
			};
			name = Release;
		};
		A526CFEF23AA77BC00F7BB9D /* Debug */ = {
			isa = XCBuildConfiguration;
			buildSettings = {
				CODE_SIGN_IDENTITY = "-";
				CODE_SIGN_STYLE = Automatic;
				PRODUCT_NAME = "$(TARGET_NAME)";
			};
			name = Debug;
		};
		A526CFF023AA77BC00F7BB9D /* Release */ = {
			isa = XCBuildConfiguration;
			buildSettings = {
				CODE_SIGN_IDENTITY = "-";
				CODE_SIGN_STYLE = Automatic;
				PRODUCT_NAME = "$(TARGET_NAME)";
			};
			name = Release;
		};
		A528FBD42594D94000552F51 /* Debug */ = {
			isa = XCBuildConfiguration;
			buildSettings = {
				CLANG_WARN_QUOTED_INCLUDE_IN_FRAMEWORK_HEADER = YES;
				CODE_SIGN_IDENTITY = "-";
				CODE_SIGN_STYLE = Automatic;
				MACOSX_DEPLOYMENT_TARGET = 11.0;
				PRODUCT_NAME = "$(TARGET_NAME)";
			};
			name = Debug;
		};
		A528FBD52594D94000552F51 /* Release */ = {
			isa = XCBuildConfiguration;
			buildSettings = {
				CLANG_WARN_QUOTED_INCLUDE_IN_FRAMEWORK_HEADER = YES;
				CODE_SIGN_IDENTITY = "-";
				CODE_SIGN_STYLE = Automatic;
				MACOSX_DEPLOYMENT_TARGET = 11.0;
				PRODUCT_NAME = "$(TARGET_NAME)";
			};
			name = Release;
		};
/* End XCBuildConfiguration section */

/* Begin XCConfigurationList section */
		A51465312772188C0021BEEA /* Build configuration list for PBXNativeTarget "Demo-打开当前路径文件" */ = {
			isa = XCConfigurationList;
			buildConfigurations = (
				A514652F2772188C0021BEEA /* Debug */,
				A51465302772188C0021BEEA /* Release */,
			);
			defaultConfigurationIsVisible = 0;
			defaultConfigurationName = Release;
		};
		A526CF5723A387FE00F7BB9D /* Build configuration list for PBXProject "[第十章]文件" */ = {
			isa = XCConfigurationList;
			buildConfigurations = (
				A526CF6123A387FE00F7BB9D /* Debug */,
				A526CF6223A387FE00F7BB9D /* Release */,
			);
			defaultConfigurationIsVisible = 0;
			defaultConfigurationName = Release;
		};
		A526CF6323A387FE00F7BB9D /* Build configuration list for PBXNativeTarget "[第十章]文件" */ = {
			isa = XCConfigurationList;
			buildConfigurations = (
				A526CF6423A387FE00F7BB9D /* Debug */,
				A526CF6523A387FE00F7BB9D /* Release */,
			);
			defaultConfigurationIsVisible = 0;
			defaultConfigurationName = Release;
		};
		A526CF6E23A3883A00F7BB9D /* Build configuration list for PBXNativeTarget "printf 和 scanf的细节" */ = {
			isa = XCConfigurationList;
			buildConfigurations = (
				A526CF6F23A3883A00F7BB9D /* Debug */,
				A526CF7023A3883A00F7BB9D /* Release */,
			);
			defaultConfigurationIsVisible = 0;
			defaultConfigurationName = Release;
		};
		A526CF7923A3C54A00F7BB9D /* Build configuration list for PBXNativeTarget "把键盘输入的内容存到磁盘" */ = {
			isa = XCConfigurationList;
			buildConfigurations = (
				A526CF7A23A3C54A00F7BB9D /* Debug */,
				A526CF7B23A3C54A00F7BB9D /* Release */,
			);
			defaultConfigurationIsVisible = 0;
			defaultConfigurationName = Release;
		};
		A526CF8423A3CFB700F7BB9D /* Build configuration list for PBXNativeTarget "将filename文件中的内容在屏幕上显示出来" */ = {
			isa = XCConfigurationList;
			buildConfigurations = (
				A526CF8523A3CFB700F7BB9D /* Debug */,
				A526CF8623A3CFB700F7BB9D /* Release */,
			);
			defaultConfigurationIsVisible = 0;
			defaultConfigurationName = Release;
		};
		A526CF8F23A62A2200F7BB9D /* Build configuration list for PBXNativeTarget "练习-01" */ = {
			isa = XCConfigurationList;
			buildConfigurations = (
				A526CF9023A62A2200F7BB9D /* Debug */,
				A526CF9123A62A2200F7BB9D /* Release */,
			);
			defaultConfigurationIsVisible = 0;
			defaultConfigurationName = Release;
		};
		A526CFA523A7C8CD00F7BB9D /* Build configuration list for PBXNativeTarget "练习-02 文件重定向" */ = {
			isa = XCConfigurationList;
			buildConfigurations = (
				A526CFA623A7C8CD00F7BB9D /* Debug */,
				A526CFA723A7C8CD00F7BB9D /* Release */,
			);
			defaultConfigurationIsVisible = 0;
			defaultConfigurationName = Release;
		};
		A526CFF123AA77BC00F7BB9D /* Build configuration list for PBXNativeTarget "格式化读写" */ = {
			isa = XCConfigurationList;
			buildConfigurations = (
				A526CFEF23AA77BC00F7BB9D /* Debug */,
				A526CFF023AA77BC00F7BB9D /* Release */,
			);
			defaultConfigurationIsVisible = 0;
			defaultConfigurationName = Release;
		};
		A528FBD62594D94000552F51 /* Build configuration list for PBXNativeTarget "打开文件的标准代码" */ = {
			isa = XCConfigurationList;
			buildConfigurations = (
				A528FBD42594D94000552F51 /* Debug */,
				A528FBD52594D94000552F51 /* Release */,
			);
			defaultConfigurationIsVisible = 0;
			defaultConfigurationName = Release;
		};
/* End XCConfigurationList section */
	};
	rootObject = A526CF5423A387FE00F7BB9D /* Project object */;
}
